
Microsoft Visual Studio Solution File, Format Version 12.00
# Visual Studio 15
VisualStudioVersion = 15.0.28307.106
MinimumVisualStudioVersion = 10.0.40219.1
Project("{FAE04EC0-301F-11D3-BF4B-00C04F79EFBC}") = "UpcomingMovies.Android", "UpcomingMovies\UpcomingMovies.Android\UpcomingMovies.Android.csproj", "{98B14F8E-40DC-4E29-8F92-5E932502983B}"
EndProject
Project("{FAE04EC0-301F-11D3-BF4B-00C04F79EFBC}") = "UpcomingMovies", "UpcomingMovies\UpcomingMovies\UpcomingMovies.csproj", "{4989B95C-BC50-4C67-AE88-BE3FC5022493}"
EndProject
Global
	GlobalSection(SolutionConfigurationPlatforms) = preSolution
		Debug|Any CPU = Debug|Any CPU
		Release|Any CPU = Release|Any CPU
	EndGlobalSection
	GlobalSection(ProjectConfigurationPlatforms) = postSolution
		{98B14F8E-40DC-4E29-8F92-5E932502983B}.Debug|Any CPU.ActiveCfg = Debug|Any CPU
		{98B14F8E-40DC-4E29-8F92-5E932502983B}.Debug|Any CPU.Build.0 = Debug|Any CPU
		{98B14F8E-40DC-4E29-8F92-5E932502983B}.Debug|Any CPU.Deploy.0 = Debug|Any CPU
		{98B14F8E-40DC-4E29-8F92-5E932502983B}.Release|Any CPU.ActiveCfg = Release|Any CPU
		{98B14F8E-40DC-4E29-8F92-5E932502983B}.Release|Any CPU.Build.0 = Release|Any CPU
		{98B14F8E-40DC-4E29-8F92-5E932502983B}.Release|Any CPU.Deploy.0 = Release|Any CPU
		{4989B95C-BC50-4C67-AE88-BE3FC5022493}.Debug|Any CPU.ActiveCfg = Debug|Any CPU
		{4989B95C-BC50-4C67-AE88-BE3FC5022493}.Debug|Any CPU.Build.0 = Debug|Any CPU
		{4989B95C-BC50-4C67-AE88-BE3FC5022493}.Release|Any CPU.ActiveCfg = Release|Any CPU
		{4989B95C-BC50-4C67-AE88-BE3FC5022493}.Release|Any CPU.Build.0 = Release|Any CPU
	EndGlobalSection
	GlobalSection(SolutionProperties) = preSolution
		HideSolutionNode = FALSE
	EndGlobalSection
	GlobalSection(ExtensibilityGlobals) = postSolution
		SolutionGuid = {4600243E-A603-4A44-868E-ECF694CB81B0}
	EndGlobalSection
EndGlobal
